// !$*UTF8*$!
{
	archiveVersion = 1;
	classes = {
	};
	objectVersion = 55;
	objects = {

/* Begin PBXBuildFile section */
		D00C75022C5D89BC00ED8973 /* Tests_iOS.swift in Sources */ = {isa = PBXBuildFile; fileRef = D00C75012C5D89BC00ED8973 /* Tests_iOS.swift */; };
		D00C75042C5D89BC00ED8973 /* Tests_iOSLaunchTests.swift in Sources */ = {isa = PBXBuildFile; fileRef = D00C75032C5D89BC00ED8973 /* Tests_iOSLaunchTests.swift */; };
		D0F921022C5D8D9A000BB408 /* Assets.xcassets in Resources */ = {isa = PBXBuildFile; fileRef = D0F920FF2C5D8D9A000BB408 /* Assets.xcassets */; };
		D0F921072C5D8FCE000BB408 /* README.md in Resources */ = {isa = PBXBuildFile; fileRef = D0F921062C5D8FCE000BB408 /* README.md */; };
		D0F9210B2C5D99E2000BB408 /* MusicBoxApp.swift in Sources */ = {isa = PBXBuildFile; fileRef = D0F921092C5D99E2000BB408 /* MusicBoxApp.swift */; };
		D0F9210C2C5D99E2000BB408 /* LoadingPageView.swift in Sources */ = {isa = PBXBuildFile; fileRef = D0F9210A2C5D99E2000BB408 /* LoadingPageView.swift */; };
/* End PBXBuildFile section */

/* Begin PBXContainerItemProxy section */
		D00C74FE2C5D89BC00ED8973 /* PBXContainerItemProxy */ = {
			isa = PBXContainerItemProxy;
			containerPortal = D00C74E42C5D89B500ED8973 /* Project object */;
			proxyType = 1;
			remoteGlobalIDString = D00C74EF2C5D89BC00ED8973;
			remoteInfo = "MusicBox (iOS)";
		};
		D00C750A2C5D89BC00ED8973 /* PBXContainerItemProxy */ = {
			isa = PBXContainerItemProxy;
			containerPortal = D00C74E42C5D89B500ED8973 /* Project object */;
			proxyType = 1;
			remoteGlobalIDString = D00C74F52C5D89BC00ED8973;
			remoteInfo = "MusicBox (macOS)";
		};
/* End PBXContainerItemProxy section */

/* Begin PBXFileReference section */
		D00C74F02C5D89BC00ED8973 /* MusicBox.app */ = {isa = PBXFileReference; explicitFileType = wrapper.application; includeInIndex = 0; path = MusicBox.app; sourceTree = BUILT_PRODUCTS_DIR; };
		D00C74F62C5D89BC00ED8973 /* MusicBox.app */ = {isa = PBXFileReference; explicitFileType = wrapper.application; includeInIndex = 0; path = MusicBox.app; sourceTree = BUILT_PRODUCTS_DIR; };
		D00C74FD2C5D89BC00ED8973 /* Tests iOS.xctest */ = {isa = PBXFileReference; explicitFileType = wrapper.cfbundle; includeInIndex = 0; path = "Tests iOS.xctest"; sourceTree = BUILT_PRODUCTS_DIR; };
		D00C75012C5D89BC00ED8973 /* Tests_iOS.swift */ = {isa = PBXFileReference; lastKnownFileType = sourcecode.swift; path = Tests_iOS.swift; sourceTree = "<group>"; };
		D00C75032C5D89BC00ED8973 /* Tests_iOSLaunchTests.swift */ = {isa = PBXFileReference; lastKnownFileType = sourcecode.swift; path = Tests_iOSLaunchTests.swift; sourceTree = "<group>"; };
		D00C75092C5D89BC00ED8973 /* Tests macOS.xctest */ = {isa = PBXFileReference; explicitFileType = wrapper.cfbundle; includeInIndex = 0; path = "Tests macOS.xctest"; sourceTree = BUILT_PRODUCTS_DIR; };
		D0F920FF2C5D8D9A000BB408 /* Assets.xcassets */ = {isa = PBXFileReference; lastKnownFileType = folder.assetcatalog; path = Assets.xcassets; sourceTree = "<group>"; };
		D0F921062C5D8FCE000BB408 /* README.md */ = {isa = PBXFileReference; fileEncoding = 4; lastKnownFileType = net.daringfireball.markdown; path = README.md; sourceTree = "<group>"; };
		D0F921092C5D99E2000BB408 /* MusicBoxApp.swift */ = {isa = PBXFileReference; fileEncoding = 4; lastKnownFileType = sourcecode.swift; path = MusicBoxApp.swift; sourceTree = "<group>"; };
		D0F9210A2C5D99E2000BB408 /* LoadingPageView.swift */ = {isa = PBXFileReference; fileEncoding = 4; lastKnownFileType = sourcecode.swift; path = LoadingPageView.swift; sourceTree = "<group>"; };
/* End PBXFileReference section */

/* Begin PBXFrameworksBuildPhase section */
		D00C74ED2C5D89BC00ED8973 /* Frameworks */ = {
			isa = PBXFrameworksBuildPhase;
			buildActionMask = 2147483647;
			files = (
			);
			runOnlyForDeploymentPostprocessing = 0;
		};
		D00C74F32C5D89BC00ED8973 /* Frameworks */ = {
			isa = PBXFrameworksBuildPhase;
			buildActionMask = 2147483647;
			files = (
			);
			runOnlyForDeploymentPostprocessing = 0;
		};
		D00C74FA2C5D89BC00ED8973 /* Frameworks */ = {
			isa = PBXFrameworksBuildPhase;
			buildActionMask = 2147483647;
			files = (
			);
			runOnlyForDeploymentPostprocessing = 0;
		};
		D00C75062C5D89BC00ED8973 /* Frameworks */ = {
			isa = PBXFrameworksBuildPhase;
			buildActionMask = 2147483647;
			files = (
			);
			runOnlyForDeploymentPostprocessing = 0;
		};
/* End PBXFrameworksBuildPhase section */

/* Begin PBXGroup section */
		D00C74E32C5D89B500ED8973 = {
			isa = PBXGroup;
			children = (
				D0F921062C5D8FCE000BB408 /* README.md */,
				D0F921082C5D99E2000BB408 /* src */,
				D0F921042C5D8DB1000BB408 /* Assets */,
				D00C75002C5D89BC00ED8973 /* Tests iOS */,
				D00C74F12C5D89BC00ED8973 /* Products */,
			);
			sourceTree = "<group>";
		};
		D00C74F12C5D89BC00ED8973 /* Products */ = {
			isa = PBXGroup;
			children = (
				D00C74F02C5D89BC00ED8973 /* MusicBox.app */,
				D00C74F62C5D89BC00ED8973 /* MusicBox.app */,
				D00C74FD2C5D89BC00ED8973 /* Tests iOS.xctest */,
				D00C75092C5D89BC00ED8973 /* Tests macOS.xctest */,
			);
			name = Products;
			sourceTree = "<group>";
		};
		D00C75002C5D89BC00ED8973 /* Tests iOS */ = {
			isa = PBXGroup;
			children = (
				D00C75012C5D89BC00ED8973 /* Tests_iOS.swift */,
				D00C75032C5D89BC00ED8973 /* Tests_iOSLaunchTests.swift */,
			);
			path = "Tests iOS";
			sourceTree = "<group>";
		};
		D0F921042C5D8DB1000BB408 /* Assets */ = {
			isa = PBXGroup;
			children = (
				D0F920FF2C5D8D9A000BB408 /* Assets.xcassets */,
			);
			path = Assets;
			sourceTree = "<group>";
		};
		D0F921082C5D99E2000BB408 /* src */ = {
			isa = PBXGroup;
			children = (
				D0F921092C5D99E2000BB408 /* MusicBoxApp.swift */,
				D0F9210A2C5D99E2000BB408 /* LoadingPageView.swift */,
			);
			path = src;
			sourceTree = "<group>";
		};
/* End PBXGroup section */

/* Begin PBXNativeTarget section */
		D00C74EF2C5D89BC00ED8973 /* MusicBox (iOS) */ = {
			isa = PBXNativeTarget;
			buildConfigurationList = D00C75192C5D89BC00ED8973 /* Build configuration list for PBXNativeTarget "MusicBox (iOS)" */;
			buildPhases = (
				D00C74EC2C5D89BC00ED8973 /* Sources */,
				D00C74ED2C5D89BC00ED8973 /* Frameworks */,
				D00C74EE2C5D89BC00ED8973 /* Resources */,
			);
			buildRules = (
			);
			dependencies = (
			);
			name = "MusicBox (iOS)";
			productName = "MusicBox (iOS)";
			productReference = D00C74F02C5D89BC00ED8973 /* MusicBox.app */;
			productType = "com.apple.product-type.application";
		};
		D00C74F52C5D89BC00ED8973 /* MusicBox (macOS) */ = {
			isa = PBXNativeTarget;
			buildConfigurationList = D00C751C2C5D89BC00ED8973 /* Build configuration list for PBXNativeTarget "MusicBox (macOS)" */;
			buildPhases = (
				D00C74F22C5D89BC00ED8973 /* Sources */,
				D00C74F32C5D89BC00ED8973 /* Frameworks */,
				D00C74F42C5D89BC00ED8973 /* Resources */,
			);
			buildRules = (
			);
			dependencies = (
			);
			name = "MusicBox (macOS)";
			productName = "MusicBox (macOS)";
			productReference = D00C74F62C5D89BC00ED8973 /* MusicBox.app */;
			productType = "com.apple.product-type.application";
		};
		D00C74FC2C5D89BC00ED8973 /* Tests iOS */ = {
			isa = PBXNativeTarget;
			buildConfigurationList = D00C751F2C5D89BC00ED8973 /* Build configuration list for PBXNativeTarget "Tests iOS" */;
			buildPhases = (
				D00C74F92C5D89BC00ED8973 /* Sources */,
				D00C74FA2C5D89BC00ED8973 /* Frameworks */,
				D00C74FB2C5D89BC00ED8973 /* Resources */,
			);
			buildRules = (
			);
			dependencies = (
				D00C74FF2C5D89BC00ED8973 /* PBXTargetDependency */,
			);
			name = "Tests iOS";
			productName = "Tests iOS";
			productReference = D00C74FD2C5D89BC00ED8973 /* Tests iOS.xctest */;
			productType = "com.apple.product-type.bundle.ui-testing";
		};
		D00C75082C5D89BC00ED8973 /* Tests macOS */ = {
			isa = PBXNativeTarget;
			buildConfigurationList = D00C75222C5D89BC00ED8973 /* Build configuration list for PBXNativeTarget "Tests macOS" */;
			buildPhases = (
				D00C75052C5D89BC00ED8973 /* Sources */,
				D00C75062C5D89BC00ED8973 /* Frameworks */,
				D00C75072C5D89BC00ED8973 /* Resources */,
			);
			buildRules = (
			);
			dependencies = (
				D00C750B2C5D89BC00ED8973 /* PBXTargetDependency */,
			);
			name = "Tests macOS";
			productName = "Tests macOS";
			productReference = D00C75092C5D89BC00ED8973 /* Tests macOS.xctest */;
			productType = "com.apple.product-type.bundle.ui-testing";
		};
/* End PBXNativeTarget section */

/* Begin PBXProject section */
		D00C74E42C5D89B500ED8973 /* Project object */ = {
			isa = PBXProject;
			attributes = {
				BuildIndependentTargetsInParallel = 1;
				LastSwiftUpdateCheck = 1320;
				LastUpgradeCheck = 1320;
				TargetAttributes = {
					D00C74EF2C5D89BC00ED8973 = {
						CreatedOnToolsVersion = 13.2.1;
					};
					D00C74F52C5D89BC00ED8973 = {
						CreatedOnToolsVersion = 13.2.1;
					};
					D00C74FC2C5D89BC00ED8973 = {
						CreatedOnToolsVersion = 13.2.1;
						TestTargetID = D00C74EF2C5D89BC00ED8973;
					};
					D00C75082C5D89BC00ED8973 = {
						CreatedOnToolsVersion = 13.2.1;
						TestTargetID = D00C74F52C5D89BC00ED8973;
					};
				};
			};
			buildConfigurationList = D00C74E72C5D89B500ED8973 /* Build configuration list for PBXProject "MusicBox" */;
			compatibilityVersion = "Xcode 13.0";
			developmentRegion = en;
			hasScannedForEncodings = 0;
			knownRegions = (
				en,
				Base,
			);
			mainGroup = D00C74E32C5D89B500ED8973;
			productRefGroup = D00C74F12C5D89BC00ED8973 /* Products */;
			projectDirPath = "";
			projectRoot = "";
			targets = (
				D00C74EF2C5D89BC00ED8973 /* MusicBox (iOS) */,
				D00C74F52C5D89BC00ED8973 /* MusicBox (macOS) */,
				D00C74FC2C5D89BC00ED8973 /* Tests iOS */,
				D00C75082C5D89BC00ED8973 /* Tests macOS */,
			);
		};
/* End PBXProject section */

/* Begin PBXResourcesBuildPhase section */
		D00C74EE2C5D89BC00ED8973 /* Resources */ = {
			isa = PBXResourcesBuildPhase;
			buildActionMask = 2147483647;
			files = (
				D0F921072C5D8FCE000BB408 /* README.md in Resources */,
				D0F921022C5D8D9A000BB408 /* Assets.xcassets in Resources */,
			);
			runOnlyForDeploymentPostprocessing = 0;
		};
		D00C74F42C5D89BC00ED8973 /* Resources */ = {
			isa = PBXResourcesBuildPhase;
			buildActionMask = 2147483647;
			files = (
			);
			runOnlyForDeploymentPostprocessing = 0;
		};
		D00C74FB2C5D89BC00ED8973 /* Resources */ = {
			isa = PBXResourcesBuildPhase;
			buildActionMask = 2147483647;
			files = (
			);
			runOnlyForDeploymentPostprocessing = 0;
		};
		D00C75072C5D89BC00ED8973 /* Resources */ = {
			isa = PBXResourcesBuildPhase;
			buildActionMask = 2147483647;
			files = (
			);
			runOnlyForDeploymentPostprocessing = 0;
		};
/* End PBXResourcesBuildPhase section */

/* Begin PBXSourcesBuildPhase section */
		D00C74EC2C5D89BC00ED8973 /* Sources */ = {
			isa = PBXSourcesBuildPhase;
			buildActionMask = 2147483647;
			files = (
				D0F9210B2C5D99E2000BB408 /* MusicBoxApp.swift in Sources */,
				D0F9210C2C5D99E2000BB408 /* LoadingPageView.swift in Sources */,
			);
			runOnlyForDeploymentPostprocessing = 0;
		};
		D00C74F22C5D89BC00ED8973 /* Sources */ = {
			isa = PBXSourcesBuildPhase;
			buildActionMask = 2147483647;
			files = (
			);
			runOnlyForDeploymentPostprocessing = 0;
		};
		D00C74F92C5D89BC00ED8973 /* Sources */ = {
			isa = PBXSourcesBuildPhase;
			buildActionMask = 2147483647;
			files = (
				D00C75042C5D89BC00ED8973 /* Tests_iOSLaunchTests.swift in Sources */,
				D00C75022C5D89BC00ED8973 /* Tests_iOS.swift in Sources */,
			);
			runOnlyForDeploymentPostprocessing = 0;
		};
		D00C75052C5D89BC00ED8973 /* Sources */ = {
			isa = PBXSourcesBuildPhase;
			buildActionMask = 2147483647;
			files = (
			);
			runOnlyForDeploymentPostprocessing = 0;
		};
/* End PBXSourcesBuildPhase section */

/* Begin PBXTargetDependency section */
		D00C74FF2C5D89BC00ED8973 /* PBXTargetDependency */ = {
			isa = PBXTargetDependency;
			target = D00C74EF2C5D89BC00ED8973 /* MusicBox (iOS) */;
			targetProxy = D00C74FE2C5D89BC00ED8973 /* PBXContainerItemProxy */;
		};
		D00C750B2C5D89BC00ED8973 /* PBXTargetDependency */ = {
			isa = PBXTargetDependency;
			target = D00C74F52C5D89BC00ED8973 /* MusicBox (macOS) */;
			targetProxy = D00C750A2C5D89BC00ED8973 /* PBXContainerItemProxy */;
		};
/* End PBXTargetDependency section */

/* Begin XCBuildConfiguration section */
		D00C75172C5D89BC00ED8973 /* Debug */ = {
			isa = XCBuildConfiguration;
			buildSettings = {
				ALWAYS_SEARCH_USER_PATHS = NO;
				CLANG_ANALYZER_NONNULL = YES;
				CLANG_ANALYZER_NUMBER_OBJECT_CONVERSION = YES_AGGRESSIVE;
				CLANG_CXX_LANGUAGE_STANDARD = "gnu++17";
				CLANG_CXX_LIBRARY = "libc++";
				CLANG_ENABLE_MODULES = YES;
				CLANG_ENABLE_OBJC_ARC = YES;
				CLANG_ENABLE_OBJC_WEAK = YES;
				CLANG_WARN_BLOCK_CAPTURE_AUTORELEASING = YES;
				CLANG_WARN_BOOL_CONVERSION = YES;
				CLANG_WARN_COMMA = YES;
				CLANG_WARN_CONSTANT_CONVERSION = YES;
				CLANG_WARN_DEPRECATED_OBJC_IMPLEMENTATIONS = YES;
				CLANG_WARN_DIRECT_OBJC_ISA_USAGE = YES_ERROR;
				CLANG_WARN_DOCUMENTATION_COMMENTS = YES;
				CLANG_WARN_EMPTY_BODY = YES;
				CLANG_WARN_ENUM_CONVERSION = YES;
				CLANG_WARN_INFINITE_RECURSION = YES;
				CLANG_WARN_INT_CONVERSION = YES;
				CLANG_WARN_NON_LITERAL_NULL_CONVERSION = YES;
				CLANG_WARN_OBJC_IMPLICIT_RETAIN_SELF = YES;
				CLANG_WARN_OBJC_LITERAL_CONVERSION = YES;
				CLANG_WARN_OBJC_ROOT_CLASS = YES_ERROR;
				CLANG_WARN_QUOTED_INCLUDE_IN_FRAMEWORK_HEADER = YES;
				CLANG_WARN_RANGE_LOOP_ANALYSIS = YES;
				CLANG_WARN_STRICT_PROTOTYPES = YES;
				CLANG_WARN_SUSPICIOUS_MOVE = YES;
				CLANG_WARN_UNGUARDED_AVAILABILITY = YES_AGGRESSIVE;
				CLANG_WARN_UNREACHABLE_CODE = YES;
				CLANG_WARN__DUPLICATE_METHOD_MATCH = YES;
				COPY_PHASE_STRIP = NO;
				DEBUG_INFORMATION_FORMAT = dwarf;
				ENABLE_STRICT_OBJC_MSGSEND = YES;
				ENABLE_TESTABILITY = YES;
				GCC_C_LANGUAGE_STANDARD = gnu11;
				GCC_DYNAMIC_NO_PIC = NO;
				GCC_NO_COMMON_BLOCKS = YES;
				GCC_OPTIMIZATION_LEVEL = 0;
				GCC_PREPROCESSOR_DEFINITIONS = (
					"DEBUG=1",
					"$(inherited)",
				);
				GCC_WARN_64_TO_32_BIT_CONVERSION = YES;
				GCC_WARN_ABOUT_RETURN_TYPE = YES_ERROR;
				GCC_WARN_UNDECLARED_SELECTOR = YES;
				GCC_WARN_UNINITIALIZED_AUTOS = YES_AGGRESSIVE;
				GCC_WARN_UNUSED_FUNCTION = YES;
				GCC_WARN_UNUSED_VARIABLE = YES;
				MTL_ENABLE_DEBUG_INFO = INCLUDE_SOURCE;
				MTL_FAST_MATH = YES;
				ONLY_ACTIVE_ARCH = YES;
				SWIFT_ACTIVE_COMPILATION_CONDITIONS = DEBUG;
				SWIFT_OPTIMIZATION_LEVEL = "-Onone";
			};
			name = Debug;
		};
		D00C75182C5D89BC00ED8973 /* Release */ = {
			isa = XCBuildConfiguration;
			buildSettings = {
				ALWAYS_SEARCH_USER_PATHS = NO;
				CLANG_ANALYZER_NONNULL = YES;
				CLANG_ANALYZER_NUMBER_OBJECT_CONVERSION = YES_AGGRESSIVE;
				CLANG_CXX_LANGUAGE_STANDARD = "gnu++17";
				CLANG_CXX_LIBRARY = "libc++";
				CLANG_ENABLE_MODULES = YES;
				CLANG_ENABLE_OBJC_ARC = YES;
				CLANG_ENABLE_OBJC_WEAK = YES;
				CLANG_WARN_BLOCK_CAPTURE_AUTORELEASING = YES;
				CLANG_WARN_BOOL_CONVERSION = YES;
				CLANG_WARN_COMMA = YES;
				CLANG_WARN_CONSTANT_CONVERSION = YES;
				CLANG_WARN_DEPRECATED_OBJC_IMPLEMENTATIONS = YES;
				CLANG_WARN_DIRECT_OBJC_ISA_USAGE = YES_ERROR;
				CLANG_WARN_DOCUMENTATION_COMMENTS = YES;
				CLANG_WARN_EMPTY_BODY = YES;
				CLANG_WARN_ENUM_CONVERSION = YES;
				CLANG_WARN_INFINITE_RECURSION = YES;
				CLANG_WARN_INT_CONVERSION = YES;
				CLANG_WARN_NON_LITERAL_NULL_CONVERSION = YES;
				CLANG_WARN_OBJC_IMPLICIT_RETAIN_SELF = YES;
				CLANG_WARN_OBJC_LITERAL_CONVERSION = YES;
				CLANG_WARN_OBJC_ROOT_CLASS = YES_ERROR;
				CLANG_WARN_QUOTED_INCLUDE_IN_FRAMEWORK_HEADER = YES;
				CLANG_WARN_RANGE_LOOP_ANALYSIS = YES;
				CLANG_WARN_STRICT_PROTOTYPES = YES;
				CLANG_WARN_SUSPICIOUS_MOVE = YES;
				CLANG_WARN_UNGUARDED_AVAILABILITY = YES_AGGRESSIVE;
				CLANG_WARN_UNREACHABLE_CODE = YES;
				CLANG_WARN__DUPLICATE_METHOD_MATCH = YES;
				COPY_PHASE_STRIP = NO;
				DEBUG_INFORMATION_FORMAT = "dwarf-with-dsym";
				ENABLE_NS_ASSERTIONS = NO;
				ENABLE_STRICT_OBJC_MSGSEND = YES;
				GCC_C_LANGUAGE_STANDARD = gnu11;
				GCC_NO_COMMON_BLOCKS = YES;
				GCC_WARN_64_TO_32_BIT_CONVERSION = YES;
				GCC_WARN_ABOUT_RETURN_TYPE = YES_ERROR;
				GCC_WARN_UNDECLARED_SELECTOR = YES;
				GCC_WARN_UNINITIALIZED_AUTOS = YES_AGGRESSIVE;
				GCC_WARN_UNUSED_FUNCTION = YES;
				GCC_WARN_UNUSED_VARIABLE = YES;
				MTL_ENABLE_DEBUG_INFO = NO;
				MTL_FAST_MATH = YES;
				SWIFT_COMPILATION_MODE = wholemodule;
				SWIFT_OPTIMIZATION_LEVEL = "-O";
			};
			name = Release;
		};
		D00C751A2C5D89BC00ED8973 /* Debug */ = {
			isa = XCBuildConfiguration;
			buildSettings = {
				ASSETCATALOG_COMPILER_APPICON_NAME = AppIcon;
				ASSETCATALOG_COMPILER_GLOBAL_ACCENT_COLOR_NAME = AccentColor;
				CODE_SIGN_STYLE = Automatic;
				CURRENT_PROJECT_VERSION = 1;
				DEVELOPMENT_TEAM = 2CNT678Y96;
				ENABLE_PREVIEWS = YES;
				GENERATE_INFOPLIST_FILE = YES;
				INFOPLIST_KEY_UIApplicationSceneManifest_Generation = YES;
				INFOPLIST_KEY_UIApplicationSupportsIndirectInputEvents = YES;
				INFOPLIST_KEY_UILaunchScreen_Generation = YES;
				INFOPLIST_KEY_UISupportedInterfaceOrientations_iPad = "UIInterfaceOrientationPortrait UIInterfaceOrientationPortraitUpsideDown UIInterfaceOrientationLandscapeLeft UIInterfaceOrientationLandscapeRight";
				INFOPLIST_KEY_UISupportedInterfaceOrientations_iPhone = "UIInterfaceOrientationPortrait UIInterfaceOrientationLandscapeLeft UIInterfaceOrientationLandscapeRight";
				IPHONEOS_DEPLOYMENT_TARGET = 15.2;
				LD_RUNPATH_SEARCH_PATHS = (
					"$(inherited)",
					"@executable_path/Frameworks",
				);
				MARKETING_VERSION = 1.0;
				PRODUCT_BUNDLE_IDENTIFIER = MusicBox.MusicBox;
				PRODUCT_NAME = MusicBox;
				SDKROOT = iphoneos;
				SWIFT_EMIT_LOC_STRINGS = YES;
				SWIFT_VERSION = 5.0;
				TARGETED_DEVICE_FAMILY = "1,2";
			};
			name = Debug;
		};
		D00C751B2C5D89BC00ED8973 /* Release */ = {
			isa = XCBuildConfiguration;
			buildSettings = {
				ASSETCATALOG_COMPILER_APPICON_NAME = AppIcon;
				ASSETCATALOG_COMPILER_GLOBAL_ACCENT_COLOR_NAME = AccentColor;
				CODE_SIGN_STYLE = Automatic;
				CURRENT_PROJECT_VERSION = 1;
				DEVELOPMENT_TEAM = 2CNT678Y96;
				ENABLE_PREVIEWS = YES;
				GENERATE_INFOPLIST_FILE = YES;
				INFOPLIST_KEY_UIApplicationSceneManifest_Generation = YES;
				INFOPLIST_KEY_UIApplicationSupportsIndirectInputEvents = YES;
				INFOPLIST_KEY_UILaunchScreen_Generation = YES;
				INFOPLIST_KEY_UISupportedInterfaceOrientations_iPad = "UIInterfaceOrientationPortrait UIInterfaceOrientationPortraitUpsideDown UIInterfaceOrientationLandscapeLeft UIInterfaceOrientationLandscapeRight";
				INFOPLIST_KEY_UISupportedInterfaceOrientations_iPhone = "UIInterfaceOrientationPortrait UIInterfaceOrientationLandscapeLeft UIInterfaceOrientationLandscapeRight";
				IPHONEOS_DEPLOYMENT_TARGET = 15.2;
				LD_RUNPATH_SEARCH_PATHS = (
					"$(inherited)",
					"@executable_path/Frameworks",
				);
				MARKETING_VERSION = 1.0;
				PRODUCT_BUNDLE_IDENTIFIER = MusicBox.MusicBox;
				PRODUCT_NAME = MusicBox;
				SDKROOT = iphoneos;
				SWIFT_EMIT_LOC_STRINGS = YES;
				SWIFT_VERSION = 5.0;
				TARGETED_DEVICE_FAMILY = "1,2";
				VALIDATE_PRODUCT = YES;
			};
			name = Release;
		};
		D00C751D2C5D89BC00ED8973 /* Debug */ = {
			isa = XCBuildConfiguration;
			buildSettings = {
				ASSETCATALOG_COMPILER_APPICON_NAME = AppIcon;
				ASSETCATALOG_COMPILER_GLOBAL_ACCENT_COLOR_NAME = AccentColor;
				CODE_SIGN_ENTITLEMENTS = macOS/macOS.entitlements;
				CODE_SIGN_STYLE = Automatic;
				COMBINE_HIDPI_IMAGES = YES;
				CURRENT_PROJECT_VERSION = 1;
				DEVELOPMENT_TEAM = 2CNT678Y96;
				ENABLE_HARDENED_RUNTIME = YES;
				ENABLE_PREVIEWS = YES;
				GENERATE_INFOPLIST_FILE = YES;
				INFOPLIST_KEY_NSHumanReadableCopyright = "";
				LD_RUNPATH_SEARCH_PATHS = (
					"$(inherited)",
					"@executable_path/../Frameworks",
				);
				MACOSX_DEPLOYMENT_TARGET = 11.5;
				MARKETING_VERSION = 1.0;
				PRODUCT_BUNDLE_IDENTIFIER = MusicBox.MusicBox;
				PRODUCT_NAME = MusicBox;
				SDKROOT = macosx;
				SWIFT_EMIT_LOC_STRINGS = YES;
				SWIFT_VERSION = 5.0;
			};
			name = Debug;
		};
		D00C751E2C5D89BC00ED8973 /* Release */ = {
			isa = XCBuildConfiguration;
			buildSettings = {
				ASSETCATALOG_COMPILER_APPICON_NAME = AppIcon;
				ASSETCATALOG_COMPILER_GLOBAL_ACCENT_COLOR_NAME = AccentColor;
				CODE_SIGN_ENTITLEMENTS = macOS/macOS.entitlements;
				CODE_SIGN_STYLE = Automatic;
				COMBINE_HIDPI_IMAGES = YES;
				CURRENT_PROJECT_VERSION = 1;
				DEVELOPMENT_TEAM = 2CNT678Y96;
				ENABLE_HARDENED_RUNTIME = YES;
				ENABLE_PREVIEWS = YES;
				GENERATE_INFOPLIST_FILE = YES;
				INFOPLIST_KEY_NSHumanReadableCopyright = "";
				LD_RUNPATH_SEARCH_PATHS = (
					"$(inherited)",
					"@executable_path/../Frameworks",
				);
				MACOSX_DEPLOYMENT_TARGET = 11.5;
				MARKETING_VERSION = 1.0;
				PRODUCT_BUNDLE_IDENTIFIER = MusicBox.MusicBox;
				PRODUCT_NAME = MusicBox;
				SDKROOT = macosx;
				SWIFT_EMIT_LOC_STRINGS = YES;
				SWIFT_VERSION = 5.0;
			};
			name = Release;
		};
		D00C75202C5D89BC00ED8973 /* Debug */ = {
			isa = XCBuildConfiguration;
			buildSettings = {
				ALWAYS_EMBED_SWIFT_STANDARD_LIBRARIES = YES;
				CODE_SIGN_STYLE = Automatic;
				CURRENT_PROJECT_VERSION = 1;
				DEVELOPMENT_TEAM = 2CNT678Y96;
				GENERATE_INFOPLIST_FILE = YES;
				IPHONEOS_DEPLOYMENT_TARGET = 15.2;
				MARKETING_VERSION = 1.0;
				PRODUCT_BUNDLE_IDENTIFIER = "MusicBox.Tests-iOS";
				PRODUCT_NAME = "$(TARGET_NAME)";
				SDKROOT = iphoneos;
				SWIFT_EMIT_LOC_STRINGS = NO;
				SWIFT_VERSION = 5.0;
				TARGETED_DEVICE_FAMILY = "1,2";
				TEST_TARGET_NAME = "MusicBox (iOS)";
			};
			name = Debug;
		};
		D00C75212C5D89BC00ED8973 /* Release */ = {
			isa = XCBuildConfiguration;
			buildSettings = {
				ALWAYS_EMBED_SWIFT_STANDARD_LIBRARIES = YES;
				CODE_SIGN_STYLE = Automatic;
				CURRENT_PROJECT_VERSION = 1;
				DEVELOPMENT_TEAM = 2CNT678Y96;
				GENERATE_INFOPLIST_FILE = YES;
				IPHONEOS_DEPLOYMENT_TARGET = 15.2;
				MARKETING_VERSION = 1.0;
				PRODUCT_BUNDLE_IDENTIFIER = "MusicBox.Tests-iOS";
				PRODUCT_NAME = "$(TARGET_NAME)";
				SDKROOT = iphoneos;
				SWIFT_EMIT_LOC_STRINGS = NO;
				SWIFT_VERSION = 5.0;
				TARGETED_DEVICE_FAMILY = "1,2";
				TEST_TARGET_NAME = "MusicBox (iOS)";
				VALIDATE_PRODUCT = YES;
			};
			name = Release;
		};
		D00C75232C5D89BC00ED8973 /* Debug */ = {
			isa = XCBuildConfiguration;
			buildSettings = {
				CODE_SIGN_STYLE = Automatic;
				CURRENT_PROJECT_VERSION = 1;
				DEVELOPMENT_TEAM = 2CNT678Y96;
				GENERATE_INFOPLIST_FILE = YES;
				MACOSX_DEPLOYMENT_TARGET = 11.5;
				MARKETING_VERSION = 1.0;
				PRODUCT_BUNDLE_IDENTIFIER = "MusicBox.Tests-macOS";
				PRODUCT_NAME = "$(TARGET_NAME)";
				SDKROOT = macosx;
				SWIFT_EMIT_LOC_STRINGS = NO;
				SWIFT_VERSION = 5.0;
				TEST_TARGET_NAME = "MusicBox (macOS)";
			};
			name = Debug;
		};
		D00C75242C5D89BC00ED8973 /* Release */ = {
			isa = XCBuildConfiguration;
			buildSettings = {
				CODE_SIGN_STYLE = Automatic;
				CURRENT_PROJECT_VERSION = 1;
				DEVELOPMENT_TEAM = 2CNT678Y96;
				GENERATE_INFOPLIST_FILE = YES;
				MACOSX_DEPLOYMENT_TARGET = 11.5;
				MARKETING_VERSION = 1.0;
				PRODUCT_BUNDLE_IDENTIFIER = "MusicBox.Tests-macOS";
				PRODUCT_NAME = "$(TARGET_NAME)";
				SDKROOT = macosx;
				SWIFT_EMIT_LOC_STRINGS = NO;
				SWIFT_VERSION = 5.0;
				TEST_TARGET_NAME = "MusicBox (macOS)";
			};
			name = Release;
		};
/* End XCBuildConfiguration section */

/* Begin XCConfigurationList section */
		D00C74E72C5D89B500ED8973 /* Build configuration list for PBXProject "MusicBox" */ = {
			isa = XCConfigurationList;
			buildConfigurations = (
				D00C75172C5D89BC00ED8973 /* Debug */,
				D00C75182C5D89BC00ED8973 /* Release */,
			);
			defaultConfigurationIsVisible = 0;
			defaultConfigurationName = Release;
		};
		D00C75192C5D89BC00ED8973 /* Build configuration list for PBXNativeTarget "MusicBox (iOS)" */ = {
			isa = XCConfigurationList;
			buildConfigurations = (
				D00C751A2C5D89BC00ED8973 /* Debug */,
				D00C751B2C5D89BC00ED8973 /* Release */,
			);
			defaultConfigurationIsVisible = 0;
			defaultConfigurationName = Release;
		};
		D00C751C2C5D89BC00ED8973 /* Build configuration list for PBXNativeTarget "MusicBox (macOS)" */ = {
			isa = XCConfigurationList;
			buildConfigurations = (
				D00C751D2C5D89BC00ED8973 /* Debug */,
				D00C751E2C5D89BC00ED8973 /* Release */,
			);
			defaultConfigurationIsVisible = 0;
			defaultConfigurationName = Release;
		};
		D00C751F2C5D89BC00ED8973 /* Build configuration list for PBXNativeTarget "Tests iOS" */ = {
			isa = XCConfigurationList;
			buildConfigurations = (
				D00C75202C5D89BC00ED8973 /* Debug */,
				D00C75212C5D89BC00ED8973 /* Release */,
			);
			defaultConfigurationIsVisible = 0;
			defaultConfigurationName = Release;
		};
		D00C75222C5D89BC00ED8973 /* Build configuration list for PBXNativeTarget "Tests macOS" */ = {
			isa = XCConfigurationList;
			buildConfigurations = (
				D00C75232C5D89BC00ED8973 /* Debug */,
				D00C75242C5D89BC00ED8973 /* Release */,
			);
			defaultConfigurationIsVisible = 0;
			defaultConfigurationName = Release;
		};
/* End XCConfigurationList section */
	};
	rootObject = D00C74E42C5D89B500ED8973 /* Project object */;
}
